
Microsoft Visual Studio Solution File, Format Version 12.00
# Visual Studio Version 17
VisualStudioVersion = 17.8.34316.72
MinimumVisualStudioVersion = 10.0.40219.1
Project("{2150E333-8FDC-42A3-9474-1A3956D46DE8}") = "src", "src", "{BB515B45-B2CB-434E-8416-93D1B76613FE}"
EndProject
Project("{2150E333-8FDC-42A3-9474-1A3956D46DE8}") = "test", "test", "{CB0E5DA1-CA1C-4DF2-B4E4-5733470966B2}"
EndProject
Project("{2150E333-8FDC-42A3-9474-1A3956D46DE8}") = "Building Blocks", "Building Blocks", "{03E1472F-3998-4E60-A738-BF991B2DFFFA}"
EndProject
Project("{2150E333-8FDC-42A3-9474-1A3956D46DE8}") = "Services", "Services", "{E87FD7FD-487A-424D-A49F-3A48900BF706}"
EndProject
Project("{2150E333-8FDC-42A3-9474-1A3956D46DE8}") = "Bus", "Bus", "{461638A4-81FE-4E49-A2BE-DE917CD490DE}"
EndProject
Project("{2150E333-8FDC-42A3-9474-1A3956D46DE8}") = "Core", "Core", "{18CFEB1E-558F-470C-8FCA-35123D5AD90D}"
EndProject
Project("{2150E333-8FDC-42A3-9474-1A3956D46DE8}") = "ApiConfig", "ApiConfig", "{9A7ED321-8947-4D87-A738-CC452638D0E1}"
EndProject
Project("{9A19103F-16F7-4668-BE54-9A1E7A4F7556}") = "XpInc.Bus", "XpInc.Bus\XpInc.Bus.csproj", "{76C13054-DEA2-4EE8-BCFC-5AFA3ACAEC29}"
EndProject
Project("{9A19103F-16F7-4668-BE54-9A1E7A4F7556}") = "XpInc.ApiConfig", "XpInc.ApiConfig\XpInc.ApiConfig.csproj", "{23B00948-B8F1-4F5A-9064-82415590CE87}"
EndProject
Project("{9A19103F-16F7-4668-BE54-9A1E7A4F7556}") = "XpInc.Core", "XpInc.Core\XpInc.Core.csproj", "{F469BC49-F852-4674-8367-9275D45F1692}"
EndProject
Project("{2150E333-8FDC-42A3-9474-1A3956D46DE8}") = "Autenticacao", "Autenticacao", "{59718BF6-1A22-4BAA-AC90-9C54F25C98C0}"
EndProject
Project("{2150E333-8FDC-42A3-9474-1A3956D46DE8}") = "RendaFixa", "RendaFixa", "{2412FD3E-47EA-4C5A-A651-ACC4F42938A4}"
EndProject
Project("{2150E333-8FDC-42A3-9474-1A3956D46DE8}") = "Acao", "Acao", "{8C4236E3-25CD-42DB-A219-40B88A11C30F}"
EndProject
Project("{2150E333-8FDC-42A3-9474-1A3956D46DE8}") = "FundoInvestimento", "FundoInvestimento", "{270CD5F0-4D93-4F64-AB73-545102204CDE}"
EndProject
Project("{2150E333-8FDC-42A3-9474-1A3956D46DE8}") = "Transacao", "Transacao", "{8217F56A-24C7-4D43-A752-662474D1BE54}"
EndProject
Project("{2150E333-8FDC-42A3-9474-1A3956D46DE8}") = "ContaCliente", "ContaCliente", "{647691FE-91B2-49E8-93A5-75BE40A20606}"
EndProject
Project("{9A19103F-16F7-4668-BE54-9A1E7A4F7556}") = "XpInc.Acao.API", "XpInc.Acao.API\XpInc.Acao.API.csproj", "{07C7B389-7136-4F7E-9F1C-3BC44F6F7B57}"
EndProject
Project("{9A19103F-16F7-4668-BE54-9A1E7A4F7556}") = "XpInc.Autenticacao.API", "XpInc.Autenticacao.API\XpInc.Autenticacao.API.csproj", "{9763E182-6A19-4D39-809A-220DD886E897}"
EndProject
Project("{9A19103F-16F7-4668-BE54-9A1E7A4F7556}") = "XpInc.ContaCliente.API", "XpInc.ContaCliente.API\XpInc.ContaCliente.API.csproj", "{EA732DE5-97C8-49E5-8318-3D8B2D65A524}"
EndProject
Project("{9A19103F-16F7-4668-BE54-9A1E7A4F7556}") = "XpInc.FundoInvestimento.API", "XpInc.FundoInvestimento.API\XpInc.FundoInvestimento.API.csproj", "{87E8EE68-7558-4151-99AA-72CA09011F03}"
EndProject
Project("{9A19103F-16F7-4668-BE54-9A1E7A4F7556}") = "XpInc.RendaFixa.API", "XpInc.RendaFixa.API\XpInc.RendaFixa.API.csproj", "{8224A643-F5BB-43DD-AA00-41177502734B}"
EndProject
Project("{9A19103F-16F7-4668-BE54-9A1E7A4F7556}") = "XpInc.Transacao.API", "XpInc.Transacao.API\XpInc.Transacao.API.csproj", "{EAEB45A3-3609-425C-B7AF-FA8CDBB38905}"
EndProject
Project("{2150E333-8FDC-42A3-9474-1A3956D46DE8}") = "Cache", "Cache", "{94D3F375-D228-4F98-8EAC-054A3BA5EF40}"
EndProject
Project("{9A19103F-16F7-4668-BE54-9A1E7A4F7556}") = "XpInc.Cache", "XpInc.Cache\XpInc.Cache.csproj", "{362D4D2A-F030-4064-A068-2507026121B9}"
EndProject
Project("{2150E333-8FDC-42A3-9474-1A3956D46DE8}") = "teste-unidade", "teste-unidade", "{BD28D88C-84CF-4387-8764-3993F9A62A85}"
EndProject
Project("{9A19103F-16F7-4668-BE54-9A1E7A4F7556}") = "XpInc.UnitTest", "XpInc.UnitTest\XpInc.UnitTest.csproj", "{C6E20BE8-51E1-44C6-A27D-A81FFDC0F7B7}"
EndProject
Project("{2150E333-8FDC-42A3-9474-1A3956D46DE8}") = "teste-integracao", "teste-integracao", "{374D3627-E8E2-4734-8ED0-3CC6F4B58DD5}"
EndProject
Project("{9A19103F-16F7-4668-BE54-9A1E7A4F7556}") = "XpInc.TesteIntegracao", "XpInc.TesteIntegracao\XpInc.TesteIntegracao.csproj", "{5DDFAC09-3F88-431F-8EC6-A47A7DA0BD2E}"
EndProject
Global
	GlobalSection(SolutionConfigurationPlatforms) = preSolution
		Debug|Any CPU = Debug|Any CPU
		Release|Any CPU = Release|Any CPU
	EndGlobalSection
	GlobalSection(ProjectConfigurationPlatforms) = postSolution
		{76C13054-DEA2-4EE8-BCFC-5AFA3ACAEC29}.Debug|Any CPU.ActiveCfg = Debug|Any CPU
		{76C13054-DEA2-4EE8-BCFC-5AFA3ACAEC29}.Debug|Any CPU.Build.0 = Debug|Any CPU
		{76C13054-DEA2-4EE8-BCFC-5AFA3ACAEC29}.Release|Any CPU.ActiveCfg = Release|Any CPU
		{76C13054-DEA2-4EE8-BCFC-5AFA3ACAEC29}.Release|Any CPU.Build.0 = Release|Any CPU
		{23B00948-B8F1-4F5A-9064-82415590CE87}.Debug|Any CPU.ActiveCfg = Debug|Any CPU
		{23B00948-B8F1-4F5A-9064-82415590CE87}.Debug|Any CPU.Build.0 = Debug|Any CPU
		{23B00948-B8F1-4F5A-9064-82415590CE87}.Release|Any CPU.ActiveCfg = Release|Any CPU
		{23B00948-B8F1-4F5A-9064-82415590CE87}.Release|Any CPU.Build.0 = Release|Any CPU
		{F469BC49-F852-4674-8367-9275D45F1692}.Debug|Any CPU.ActiveCfg = Debug|Any CPU
		{F469BC49-F852-4674-8367-9275D45F1692}.Debug|Any CPU.Build.0 = Debug|Any CPU
		{F469BC49-F852-4674-8367-9275D45F1692}.Release|Any CPU.ActiveCfg = Release|Any CPU
		{F469BC49-F852-4674-8367-9275D45F1692}.Release|Any CPU.Build.0 = Release|Any CPU
		{07C7B389-7136-4F7E-9F1C-3BC44F6F7B57}.Debug|Any CPU.ActiveCfg = Debug|Any CPU
		{07C7B389-7136-4F7E-9F1C-3BC44F6F7B57}.Debug|Any CPU.Build.0 = Debug|Any CPU
		{07C7B389-7136-4F7E-9F1C-3BC44F6F7B57}.Release|Any CPU.ActiveCfg = Release|Any CPU
		{07C7B389-7136-4F7E-9F1C-3BC44F6F7B57}.Release|Any CPU.Build.0 = Release|Any CPU
		{9763E182-6A19-4D39-809A-220DD886E897}.Debug|Any CPU.ActiveCfg = Debug|Any CPU
		{9763E182-6A19-4D39-809A-220DD886E897}.Debug|Any CPU.Build.0 = Debug|Any CPU
		{9763E182-6A19-4D39-809A-220DD886E897}.Release|Any CPU.ActiveCfg = Release|Any CPU
		{9763E182-6A19-4D39-809A-220DD886E897}.Release|Any CPU.Build.0 = Release|Any CPU
		{EA732DE5-97C8-49E5-8318-3D8B2D65A524}.Debug|Any CPU.ActiveCfg = Debug|Any CPU
		{EA732DE5-97C8-49E5-8318-3D8B2D65A524}.Debug|Any CPU.Build.0 = Debug|Any CPU
		{EA732DE5-97C8-49E5-8318-3D8B2D65A524}.Release|Any CPU.ActiveCfg = Release|Any CPU
		{EA732DE5-97C8-49E5-8318-3D8B2D65A524}.Release|Any CPU.Build.0 = Release|Any CPU
		{87E8EE68-7558-4151-99AA-72CA09011F03}.Debug|Any CPU.ActiveCfg = Debug|Any CPU
		{87E8EE68-7558-4151-99AA-72CA09011F03}.Debug|Any CPU.Build.0 = Debug|Any CPU
		{87E8EE68-7558-4151-99AA-72CA09011F03}.Release|Any CPU.ActiveCfg = Release|Any CPU
		{87E8EE68-7558-4151-99AA-72CA09011F03}.Release|Any CPU.Build.0 = Release|Any CPU
		{8224A643-F5BB-43DD-AA00-41177502734B}.Debug|Any CPU.ActiveCfg = Debug|Any CPU
		{8224A643-F5BB-43DD-AA00-41177502734B}.Debug|Any CPU.Build.0 = Debug|Any CPU
		{8224A643-F5BB-43DD-AA00-41177502734B}.Release|Any CPU.ActiveCfg = Release|Any CPU
		{8224A643-F5BB-43DD-AA00-41177502734B}.Release|Any CPU.Build.0 = Release|Any CPU
		{EAEB45A3-3609-425C-B7AF-FA8CDBB38905}.Debug|Any CPU.ActiveCfg = Debug|Any CPU
		{EAEB45A3-3609-425C-B7AF-FA8CDBB38905}.Debug|Any CPU.Build.0 = Debug|Any CPU
		{EAEB45A3-3609-425C-B7AF-FA8CDBB38905}.Release|Any CPU.ActiveCfg = Release|Any CPU
		{EAEB45A3-3609-425C-B7AF-FA8CDBB38905}.Release|Any CPU.Build.0 = Release|Any CPU
		{362D4D2A-F030-4064-A068-2507026121B9}.Debug|Any CPU.ActiveCfg = Debug|Any CPU
		{362D4D2A-F030-4064-A068-2507026121B9}.Debug|Any CPU.Build.0 = Debug|Any CPU
		{362D4D2A-F030-4064-A068-2507026121B9}.Release|Any CPU.ActiveCfg = Release|Any CPU
		{362D4D2A-F030-4064-A068-2507026121B9}.Release|Any CPU.Build.0 = Release|Any CPU
		{C6E20BE8-51E1-44C6-A27D-A81FFDC0F7B7}.Debug|Any CPU.ActiveCfg = Debug|Any CPU
		{C6E20BE8-51E1-44C6-A27D-A81FFDC0F7B7}.Debug|Any CPU.Build.0 = Debug|Any CPU
		{C6E20BE8-51E1-44C6-A27D-A81FFDC0F7B7}.Release|Any CPU.ActiveCfg = Release|Any CPU
		{C6E20BE8-51E1-44C6-A27D-A81FFDC0F7B7}.Release|Any CPU.Build.0 = Release|Any CPU
		{5DDFAC09-3F88-431F-8EC6-A47A7DA0BD2E}.Debug|Any CPU.ActiveCfg = Debug|Any CPU
		{5DDFAC09-3F88-431F-8EC6-A47A7DA0BD2E}.Debug|Any CPU.Build.0 = Debug|Any CPU
		{5DDFAC09-3F88-431F-8EC6-A47A7DA0BD2E}.Release|Any CPU.ActiveCfg = Release|Any CPU
		{5DDFAC09-3F88-431F-8EC6-A47A7DA0BD2E}.Release|Any CPU.Build.0 = Release|Any CPU
	EndGlobalSection
	GlobalSection(SolutionProperties) = preSolution
		HideSolutionNode = FALSE
	EndGlobalSection
	GlobalSection(NestedProjects) = preSolution
		{03E1472F-3998-4E60-A738-BF991B2DFFFA} = {BB515B45-B2CB-434E-8416-93D1B76613FE}
		{E87FD7FD-487A-424D-A49F-3A48900BF706} = {BB515B45-B2CB-434E-8416-93D1B76613FE}
		{461638A4-81FE-4E49-A2BE-DE917CD490DE} = {03E1472F-3998-4E60-A738-BF991B2DFFFA}
		{18CFEB1E-558F-470C-8FCA-35123D5AD90D} = {03E1472F-3998-4E60-A738-BF991B2DFFFA}
		{9A7ED321-8947-4D87-A738-CC452638D0E1} = {03E1472F-3998-4E60-A738-BF991B2DFFFA}
		{76C13054-DEA2-4EE8-BCFC-5AFA3ACAEC29} = {461638A4-81FE-4E49-A2BE-DE917CD490DE}
		{23B00948-B8F1-4F5A-9064-82415590CE87} = {9A7ED321-8947-4D87-A738-CC452638D0E1}
		{F469BC49-F852-4674-8367-9275D45F1692} = {18CFEB1E-558F-470C-8FCA-35123D5AD90D}
		{59718BF6-1A22-4BAA-AC90-9C54F25C98C0} = {E87FD7FD-487A-424D-A49F-3A48900BF706}
		{2412FD3E-47EA-4C5A-A651-ACC4F42938A4} = {E87FD7FD-487A-424D-A49F-3A48900BF706}
		{8C4236E3-25CD-42DB-A219-40B88A11C30F} = {E87FD7FD-487A-424D-A49F-3A48900BF706}
		{270CD5F0-4D93-4F64-AB73-545102204CDE} = {E87FD7FD-487A-424D-A49F-3A48900BF706}
		{8217F56A-24C7-4D43-A752-662474D1BE54} = {E87FD7FD-487A-424D-A49F-3A48900BF706}
		{647691FE-91B2-49E8-93A5-75BE40A20606} = {E87FD7FD-487A-424D-A49F-3A48900BF706}
		{07C7B389-7136-4F7E-9F1C-3BC44F6F7B57} = {8C4236E3-25CD-42DB-A219-40B88A11C30F}
		{9763E182-6A19-4D39-809A-220DD886E897} = {59718BF6-1A22-4BAA-AC90-9C54F25C98C0}
		{EA732DE5-97C8-49E5-8318-3D8B2D65A524} = {647691FE-91B2-49E8-93A5-75BE40A20606}
		{87E8EE68-7558-4151-99AA-72CA09011F03} = {270CD5F0-4D93-4F64-AB73-545102204CDE}
		{8224A643-F5BB-43DD-AA00-41177502734B} = {2412FD3E-47EA-4C5A-A651-ACC4F42938A4}
		{EAEB45A3-3609-425C-B7AF-FA8CDBB38905} = {8217F56A-24C7-4D43-A752-662474D1BE54}
		{94D3F375-D228-4F98-8EAC-054A3BA5EF40} = {03E1472F-3998-4E60-A738-BF991B2DFFFA}
		{362D4D2A-F030-4064-A068-2507026121B9} = {94D3F375-D228-4F98-8EAC-054A3BA5EF40}
		{BD28D88C-84CF-4387-8764-3993F9A62A85} = {CB0E5DA1-CA1C-4DF2-B4E4-5733470966B2}
		{C6E20BE8-51E1-44C6-A27D-A81FFDC0F7B7} = {BD28D88C-84CF-4387-8764-3993F9A62A85}
		{374D3627-E8E2-4734-8ED0-3CC6F4B58DD5} = {CB0E5DA1-CA1C-4DF2-B4E4-5733470966B2}
		{5DDFAC09-3F88-431F-8EC6-A47A7DA0BD2E} = {374D3627-E8E2-4734-8ED0-3CC6F4B58DD5}
	EndGlobalSection
	GlobalSection(ExtensibilityGlobals) = postSolution
		SolutionGuid = {A5D9CD71-7512-4E44-BFE7-D3D0A9567E07}
	EndGlobalSection
EndGlobal
